
Microsoft Visual Studio Solution File, Format Version 12.00
# Visual Studio Version 17
VisualStudioVersion = 17.4.33403.182
MinimumVisualStudioVersion = 10.0.40219.1
Project("{FAE04EC0-301F-11D3-BF4B-00C04F79EFBC}") = "WindowsFormsApp4", "WindowsFormsApp4\WindowsFormsApp4.csproj", "{7184D43A-BE46-4A78-AD28-F3C386F4283C}"
EndProject
Global
	GlobalSection(SolutionConfigurationPlatforms) = preSolution
		Debug|Any CPU = Debug|Any CPU
		Release|Any CPU = Release|Any CPU
	EndGlobalSection
	GlobalSection(ProjectConfigurationPlatforms) = postSolution
		{7184D43A-BE46-4A78-AD28-F3C386F4283C}.Debug|Any CPU.ActiveCfg = Debug|Any CPU
		{7184D43A-BE46-4A78-AD28-F3C386F4283C}.Debug|Any CPU.Build.0 = Debug|Any CPU
		{7184D43A-BE46-4A78-AD28-F3C386F4283C}.Release|Any CPU.ActiveCfg = Release|Any CPU
		{7184D43A-BE46-4A78-AD28-F3C386F4283C}.Release|Any CPU.Build.0 = Release|Any CPU
	EndGlobalSection
	GlobalSection(SolutionProperties) = preSolution
		HideSolutionNode = FALSE
	EndGlobalSection
	GlobalSection(ExtensibilityGlobals) = postSolution
		SolutionGuid = {F3939A46-31E5-44ED-B380-3935175233BF}
	EndGlobalSection
EndGlobal
